// !$*UTF8*$!
{
	archiveVersion = 1;
	classes = {
	};
	objectVersion = 46;
	objects = {

/* Begin PBXBuildFile section */
		3A1076B81A0BA0910036E706 /* AppDelegate.swift in Sources */ = {isa = PBXBuildFile; fileRef = 3A1076B71A0BA0910036E706 /* AppDelegate.swift */; };
		3A1076BD1A0BA0910036E706 /* Main.storyboard in Resources */ = {isa = PBXBuildFile; fileRef = 3A1076BB1A0BA0910036E706 /* Main.storyboard */; };
		3A1076BF1A0BA0910036E706 /* Images.xcassets in Resources */ = {isa = PBXBuildFile; fileRef = 3A1076BE1A0BA0910036E706 /* Images.xcassets */; };
		3A1076C21A0BA0910036E706 /* LaunchScreen.xib in Resources */ = {isa = PBXBuildFile; fileRef = 3A1076C01A0BA0910036E706 /* LaunchScreen.xib */; };
		3A1076D91A0BA0B30036E706 /* HealthKit.framework in Frameworks */ = {isa = PBXBuildFile; fileRef = 3A1076D81A0BA0B30036E706 /* HealthKit.framework */; };
		3A1076DA1A0BA0FA0036E706 /* Main.storyboard in Resources */ = {isa = PBXBuildFile; fileRef = 3A1076BB1A0BA0910036E706 /* Main.storyboard */; };
		3A1076DE1A0BA3220036E706 /* TableViewController.swift in Sources */ = {isa = PBXBuildFile; fileRef = 3A1076DD1A0BA3220036E706 /* TableViewController.swift */; };
		3A1076DF1A0BA3220036E706 /* TableViewController.swift in Sources */ = {isa = PBXBuildFile; fileRef = 3A1076DD1A0BA3220036E706 /* TableViewController.swift */; };
		3A1076E21A0BA3CE0036E706 /* HealthStoreProvider.swift in Sources */ = {isa = PBXBuildFile; fileRef = 3A1076E11A0BA3CE0036E706 /* HealthStoreProvider.swift */; };
		3A1076E31A0BA3CE0036E706 /* HealthStoreProvider.swift in Sources */ = {isa = PBXBuildFile; fileRef = 3A1076E11A0BA3CE0036E706 /* HealthStoreProvider.swift */; };
		3A1076E61A0BAC220036E706 /* HealthItem.swift in Sources */ = {isa = PBXBuildFile; fileRef = 3A1076E51A0BAC220036E706 /* HealthItem.swift */; };
		3A1076E71A0BAC220036E706 /* HealthItem.swift in Sources */ = {isa = PBXBuildFile; fileRef = 3A1076E51A0BAC220036E706 /* HealthItem.swift */; };
		3A1076E91A0BAC810036E706 /* HealthItemProvider.swift in Sources */ = {isa = PBXBuildFile; fileRef = 3A1076E81A0BAC810036E706 /* HealthItemProvider.swift */; };
		3A1076EA1A0BAC810036E706 /* HealthItemProvider.swift in Sources */ = {isa = PBXBuildFile; fileRef = 3A1076E81A0BAC810036E706 /* HealthItemProvider.swift */; };
		3A1076EC1A0BB1120036E706 /* DetailViewController.swift in Sources */ = {isa = PBXBuildFile; fileRef = 3A1076EB1A0BB1120036E706 /* DetailViewController.swift */; };
		3A1076ED1A0BB1120036E706 /* DetailViewController.swift in Sources */ = {isa = PBXBuildFile; fileRef = 3A1076EB1A0BB1120036E706 /* DetailViewController.swift */; };
		3A1076F11A0BC1640036E706 /* HealthItemTest.swift in Sources */ = {isa = PBXBuildFile; fileRef = 3A1076F01A0BC1640036E706 /* HealthItemTest.swift */; };
		3A4E88821A0CC0CA00610C25 /* TableViewControllerTest.swift in Sources */ = {isa = PBXBuildFile; fileRef = 3A4E88811A0CC0CA00610C25 /* TableViewControllerTest.swift */; };
		3A8668A71A0CE22000296738 /* DetailViewControllerTest.swift in Sources */ = {isa = PBXBuildFile; fileRef = 3A8668A61A0CE22000296738 /* DetailViewControllerTest.swift */; };
		3AF9C3B31A0BC4BD000C881C /* HealthStoreProviderTest.swift in Sources */ = {isa = PBXBuildFile; fileRef = 3AF9C3B21A0BC4BD000C881C /* HealthStoreProviderTest.swift */; };
		3AF9C3B51A0BC4D5000C881C /* HealthItemProviderTest.swift in Sources */ = {isa = PBXBuildFile; fileRef = 3AF9C3B41A0BC4D5000C881C /* HealthItemProviderTest.swift */; };
/* End PBXBuildFile section */

/* Begin PBXContainerItemProxy section */
		3A1076C81A0BA0910036E706 /* PBXContainerItemProxy */ = {
			isa = PBXContainerItemProxy;
			containerPortal = 3A1076AA1A0BA0910036E706 /* Project object */;
			proxyType = 1;
			remoteGlobalIDString = 3A1076B11A0BA0910036E706;
			remoteInfo = "healthkit-poc";
		};
/* End PBXContainerItemProxy section */

/* Begin PBXFileReference section */
		3A1076B21A0BA0910036E706 /* healthkit-poc.app */ = {isa = PBXFileReference; explicitFileType = wrapper.application; includeInIndex = 0; path = "healthkit-poc.app"; sourceTree = BUILT_PRODUCTS_DIR; };
		3A1076B61A0BA0910036E706 /* Info.plist */ = {isa = PBXFileReference; lastKnownFileType = text.plist.xml; path = Info.plist; sourceTree = "<group>"; };
		3A1076B71A0BA0910036E706 /* AppDelegate.swift */ = {isa = PBXFileReference; lastKnownFileType = sourcecode.swift; path = AppDelegate.swift; sourceTree = "<group>"; };
		3A1076BC1A0BA0910036E706 /* Base */ = {isa = PBXFileReference; lastKnownFileType = file.storyboard; name = Base; path = Base.lproj/Main.storyboard; sourceTree = "<group>"; };
		3A1076BE1A0BA0910036E706 /* Images.xcassets */ = {isa = PBXFileReference; lastKnownFileType = folder.assetcatalog; path = Images.xcassets; sourceTree = "<group>"; };
		3A1076C11A0BA0910036E706 /* Base */ = {isa = PBXFileReference; lastKnownFileType = file.xib; name = Base; path = Base.lproj/LaunchScreen.xib; sourceTree = "<group>"; };
		3A1076C71A0BA0910036E706 /* healthkit-pocTests.xctest */ = {isa = PBXFileReference; explicitFileType = wrapper.cfbundle; includeInIndex = 0; path = "healthkit-pocTests.xctest"; sourceTree = BUILT_PRODUCTS_DIR; };
		3A1076CC1A0BA0910036E706 /* Info.plist */ = {isa = PBXFileReference; lastKnownFileType = text.plist.xml; path = Info.plist; sourceTree = "<group>"; };
		3A1076D71A0BA0B30036E706 /* healthkit-poc.entitlements */ = {isa = PBXFileReference; lastKnownFileType = text.xml; path = "healthkit-poc.entitlements"; sourceTree = "<group>"; };
		3A1076D81A0BA0B30036E706 /* HealthKit.framework */ = {isa = PBXFileReference; lastKnownFileType = wrapper.framework; name = HealthKit.framework; path = System/Library/Frameworks/HealthKit.framework; sourceTree = SDKROOT; };
		3A1076DD1A0BA3220036E706 /* TableViewController.swift */ = {isa = PBXFileReference; fileEncoding = 4; lastKnownFileType = sourcecode.swift; path = TableViewController.swift; sourceTree = "<group>"; };
		3A1076E11A0BA3CE0036E706 /* HealthStoreProvider.swift */ = {isa = PBXFileReference; fileEncoding = 4; lastKnownFileType = sourcecode.swift; path = HealthStoreProvider.swift; sourceTree = "<group>"; };
		3A1076E51A0BAC220036E706 /* HealthItem.swift */ = {isa = PBXFileReference; fileEncoding = 4; lastKnownFileType = sourcecode.swift; path = HealthItem.swift; sourceTree = "<group>"; };
		3A1076E81A0BAC810036E706 /* HealthItemProvider.swift */ = {isa = PBXFileReference; fileEncoding = 4; lastKnownFileType = sourcecode.swift; path = HealthItemProvider.swift; sourceTree = "<group>"; };
		3A1076EB1A0BB1120036E706 /* DetailViewController.swift */ = {isa = PBXFileReference; fileEncoding = 4; lastKnownFileType = sourcecode.swift; path = DetailViewController.swift; sourceTree = "<group>"; };
		3A1076F01A0BC1640036E706 /* HealthItemTest.swift */ = {isa = PBXFileReference; fileEncoding = 4; lastKnownFileType = sourcecode.swift; path = HealthItemTest.swift; sourceTree = "<group>"; };
		3A4E88811A0CC0CA00610C25 /* TableViewControllerTest.swift */ = {isa = PBXFileReference; fileEncoding = 4; lastKnownFileType = sourcecode.swift; path = TableViewControllerTest.swift; sourceTree = "<group>"; };
		3A8668A61A0CE22000296738 /* DetailViewControllerTest.swift */ = {isa = PBXFileReference; fileEncoding = 4; lastKnownFileType = sourcecode.swift; path = DetailViewControllerTest.swift; sourceTree = "<group>"; };
		3AF9C3B21A0BC4BD000C881C /* HealthStoreProviderTest.swift */ = {isa = PBXFileReference; fileEncoding = 4; lastKnownFileType = sourcecode.swift; path = HealthStoreProviderTest.swift; sourceTree = "<group>"; };
		3AF9C3B41A0BC4D5000C881C /* HealthItemProviderTest.swift */ = {isa = PBXFileReference; fileEncoding = 4; lastKnownFileType = sourcecode.swift; path = HealthItemProviderTest.swift; sourceTree = "<group>"; };
/* End PBXFileReference section */

/* Begin PBXFrameworksBuildPhase section */
		3A1076AF1A0BA0910036E706 /* Frameworks */ = {
			isa = PBXFrameworksBuildPhase;
			buildActionMask = 2147483647;
			files = (
				3A1076D91A0BA0B30036E706 /* HealthKit.framework in Frameworks */,
			);
			runOnlyForDeploymentPostprocessing = 0;
		};
		3A1076C41A0BA0910036E706 /* Frameworks */ = {
			isa = PBXFrameworksBuildPhase;
			buildActionMask = 2147483647;
			files = (
			);
			runOnlyForDeploymentPostprocessing = 0;
		};
/* End PBXFrameworksBuildPhase section */

/* Begin PBXGroup section */
		3A1076A91A0BA0910036E706 = {
			isa = PBXGroup;
			children = (
				3A1076D81A0BA0B30036E706 /* HealthKit.framework */,
				3A1076B41A0BA0910036E706 /* healthkit-poc */,
				3A1076CA1A0BA0910036E706 /* healthkit-pocTests */,
				3A1076B31A0BA0910036E706 /* Products */,
			);
			sourceTree = "<group>";
		};
		3A1076B31A0BA0910036E706 /* Products */ = {
			isa = PBXGroup;
			children = (
				3A1076B21A0BA0910036E706 /* healthkit-poc.app */,
				3A1076C71A0BA0910036E706 /* healthkit-pocTests.xctest */,
			);
			name = Products;
			sourceTree = "<group>";
		};
		3A1076B41A0BA0910036E706 /* healthkit-poc */ = {
			isa = PBXGroup;
			children = (
				3A1076E41A0BAC100036E706 /* Model */,
				3A1076E01A0BA3C00036E706 /* Services */,
				3A1076DC1A0BA3020036E706 /* Controllers */,
				3A1076D71A0BA0B30036E706 /* healthkit-poc.entitlements */,
				3A1076B71A0BA0910036E706 /* AppDelegate.swift */,
				3A1076BB1A0BA0910036E706 /* Main.storyboard */,
				3A1076BE1A0BA0910036E706 /* Images.xcassets */,
				3A1076C01A0BA0910036E706 /* LaunchScreen.xib */,
				3A1076B51A0BA0910036E706 /* Supporting Files */,
			);
			path = "healthkit-poc";
			sourceTree = "<group>";
		};
		3A1076B51A0BA0910036E706 /* Supporting Files */ = {
			isa = PBXGroup;
			children = (
				3A1076B61A0BA0910036E706 /* Info.plist */,
			);
			name = "Supporting Files";
			sourceTree = "<group>";
		};
		3A1076CA1A0BA0910036E706 /* healthkit-pocTests */ = {
			isa = PBXGroup;
			children = (
				3A1076EF1A0BC1400036E706 /* Services */,
				3A1076EE1A0BC1360036E706 /* Model */,
				3A1076DB1A0BA2F20036E706 /* Controllers */,
				3A1076CB1A0BA0910036E706 /* Supporting Files */,
			);
			path = "healthkit-pocTests";
			sourceTree = "<group>";
		};
		3A1076CB1A0BA0910036E706 /* Supporting Files */ = {
			isa = PBXGroup;
			children = (
				3A1076CC1A0BA0910036E706 /* Info.plist */,
			);
			name = "Supporting Files";
			sourceTree = "<group>";
		};
		3A1076DB1A0BA2F20036E706 /* Controllers */ = {
			isa = PBXGroup;
			children = (
				3A4E88811A0CC0CA00610C25 /* TableViewControllerTest.swift */,
				3A8668A61A0CE22000296738 /* DetailViewControllerTest.swift */,
			);
			path = Controllers;
			sourceTree = "<group>";
		};
		3A1076DC1A0BA3020036E706 /* Controllers */ = {
			isa = PBXGroup;
			children = (
				3A1076DD1A0BA3220036E706 /* TableViewController.swift */,
				3A1076EB1A0BB1120036E706 /* DetailViewController.swift */,
			);
			path = Controllers;
			sourceTree = "<group>";
		};
		3A1076E01A0BA3C00036E706 /* Services */ = {
			isa = PBXGroup;
			children = (
				3A1076E11A0BA3CE0036E706 /* HealthStoreProvider.swift */,
				3A1076E81A0BAC810036E706 /* HealthItemProvider.swift */,
			);
			path = Services;
			sourceTree = "<group>";
		};
		3A1076E41A0BAC100036E706 /* Model */ = {
			isa = PBXGroup;
			children = (
				3A1076E51A0BAC220036E706 /* HealthItem.swift */,
			);
			path = Model;
			sourceTree = "<group>";
		};
		3A1076EE1A0BC1360036E706 /* Model */ = {
			isa = PBXGroup;
			children = (
				3A1076F01A0BC1640036E706 /* HealthItemTest.swift */,
			);
			path = Model;
			sourceTree = "<group>";
		};
		3A1076EF1A0BC1400036E706 /* Services */ = {
			isa = PBXGroup;
			children = (
				3AF9C3B21A0BC4BD000C881C /* HealthStoreProviderTest.swift */,
				3AF9C3B41A0BC4D5000C881C /* HealthItemProviderTest.swift */,
			);
			path = Services;
			sourceTree = "<group>";
		};
/* End PBXGroup section */

/* Begin PBXNativeTarget section */
		3A1076B11A0BA0910036E706 /* healthkit-poc */ = {
			isa = PBXNativeTarget;
			buildConfigurationList = 3A1076D11A0BA0910036E706 /* Build configuration list for PBXNativeTarget "healthkit-poc" */;
			buildPhases = (
				3A1076AE1A0BA0910036E706 /* Sources */,
				3A1076AF1A0BA0910036E706 /* Frameworks */,
				3A1076B01A0BA0910036E706 /* Resources */,
			);
			buildRules = (
			);
			dependencies = (
			);
			name = "healthkit-poc";
			productName = "healthkit-poc";
			productReference = 3A1076B21A0BA0910036E706 /* healthkit-poc.app */;
			productType = "com.apple.product-type.application";
		};
		3A1076C61A0BA0910036E706 /* healthkit-pocTests */ = {
			isa = PBXNativeTarget;
			buildConfigurationList = 3A1076D41A0BA0910036E706 /* Build configuration list for PBXNativeTarget "healthkit-pocTests" */;
			buildPhases = (
				3A1076C31A0BA0910036E706 /* Sources */,
				3A1076C41A0BA0910036E706 /* Frameworks */,
				3A1076C51A0BA0910036E706 /* Resources */,
			);
			buildRules = (
			);
			dependencies = (
				3A1076C91A0BA0910036E706 /* PBXTargetDependency */,
			);
			name = "healthkit-pocTests";
			productName = "healthkit-pocTests";
			productReference = 3A1076C71A0BA0910036E706 /* healthkit-pocTests.xctest */;
			productType = "com.apple.product-type.bundle.unit-test";
		};
/* End PBXNativeTarget section */

/* Begin PBXProject section */
		3A1076AA1A0BA0910036E706 /* Project object */ = {
			isa = PBXProject;
			attributes = {
				LastUpgradeCheck = 0610;
				ORGANIZATIONNAME = "AKOI Solutions AB";
				TargetAttributes = {
					3A1076B11A0BA0910036E706 = {
						CreatedOnToolsVersion = 6.1;
						DevelopmentTeam = XK5W64978T;
						SystemCapabilities = {
							com.apple.HealthKit = {
								enabled = 1;
							};
						};
					};
					3A1076C61A0BA0910036E706 = {
						CreatedOnToolsVersion = 6.1;
						TestTargetID = 3A1076B11A0BA0910036E706;
					};
				};
			};
			buildConfigurationList = 3A1076AD1A0BA0910036E706 /* Build configuration list for PBXProject "healthkit-poc" */;
			compatibilityVersion = "Xcode 3.2";
			developmentRegion = English;
			hasScannedForEncodings = 0;
			knownRegions = (
				en,
				Base,
			);
			mainGroup = 3A1076A91A0BA0910036E706;
			productRefGroup = 3A1076B31A0BA0910036E706 /* Products */;
			projectDirPath = "";
			projectRoot = "";
			targets = (
				3A1076B11A0BA0910036E706 /* healthkit-poc */,
				3A1076C61A0BA0910036E706 /* healthkit-pocTests */,
			);
		};
/* End PBXProject section */

/* Begin PBXResourcesBuildPhase section */
		3A1076B01A0BA0910036E706 /* Resources */ = {
			isa = PBXResourcesBuildPhase;
			buildActionMask = 2147483647;
			files = (
				3A1076BD1A0BA0910036E706 /* Main.storyboard in Resources */,
				3A1076C21A0BA0910036E706 /* LaunchScreen.xib in Resources */,
				3A1076BF1A0BA0910036E706 /* Images.xcassets in Resources */,
			);
			runOnlyForDeploymentPostprocessing = 0;
		};
		3A1076C51A0BA0910036E706 /* Resources */ = {
			isa = PBXResourcesBuildPhase;
			buildActionMask = 2147483647;
			files = (
				3A1076DA1A0BA0FA0036E706 /* Main.storyboard in Resources */,
			);
			runOnlyForDeploymentPostprocessing = 0;
		};
/* End PBXResourcesBuildPhase section */

/* Begin PBXSourcesBuildPhase section */
		3A1076AE1A0BA0910036E706 /* Sources */ = {
			isa = PBXSourcesBuildPhase;
			buildActionMask = 2147483647;
			files = (
				3A1076EC1A0BB1120036E706 /* DetailViewController.swift in Sources */,
				3A1076E61A0BAC220036E706 /* HealthItem.swift in Sources */,
				3A1076B81A0BA0910036E706 /* AppDelegate.swift in Sources */,
				3A1076DE1A0BA3220036E706 /* TableViewController.swift in Sources */,
				3A1076E91A0BAC810036E706 /* HealthItemProvider.swift in Sources */,
				3A1076E21A0BA3CE0036E706 /* HealthStoreProvider.swift in Sources */,
			);
			runOnlyForDeploymentPostprocessing = 0;
		};
		3A1076C31A0BA0910036E706 /* Sources */ = {
			isa = PBXSourcesBuildPhase;
			buildActionMask = 2147483647;
			files = (
				3A1076ED1A0BB1120036E706 /* DetailViewController.swift in Sources */,
				3AF9C3B31A0BC4BD000C881C /* HealthStoreProviderTest.swift in Sources */,
				3A1076E71A0BAC220036E706 /* HealthItem.swift in Sources */,
				3A1076F11A0BC1640036E706 /* HealthItemTest.swift in Sources */,
				3A1076DF1A0BA3220036E706 /* TableViewController.swift in Sources */,
				3A4E88821A0CC0CA00610C25 /* TableViewControllerTest.swift in Sources */,
				3A1076EA1A0BAC810036E706 /* HealthItemProvider.swift in Sources */,
				3A8668A71A0CE22000296738 /* DetailViewControllerTest.swift in Sources */,
				3A1076E31A0BA3CE0036E706 /* HealthStoreProvider.swift in Sources */,
				3AF9C3B51A0BC4D5000C881C /* HealthItemProviderTest.swift in Sources */,
			);
			runOnlyForDeploymentPostprocessing = 0;
		};
/* End PBXSourcesBuildPhase section */

/* Begin PBXTargetDependency section */
		3A1076C91A0BA0910036E706 /* PBXTargetDependency */ = {
			isa = PBXTargetDependency;
			target = 3A1076B11A0BA0910036E706 /* healthkit-poc */;
			targetProxy = 3A1076C81A0BA0910036E706 /* PBXContainerItemProxy */;
		};
/* End PBXTargetDependency section */

/* Begin PBXVariantGroup section */
		3A1076BB1A0BA0910036E706 /* Main.storyboard */ = {
			isa = PBXVariantGroup;
			children = (
				3A1076BC1A0BA0910036E706 /* Base */,
			);
			name = Main.storyboard;
			sourceTree = "<group>";
		};
		3A1076C01A0BA0910036E706 /* LaunchScreen.xib */ = {
			isa = PBXVariantGroup;
			children = (
				3A1076C11A0BA0910036E706 /* Base */,
			);
			name = LaunchScreen.xib;
			sourceTree = "<group>";
		};
/* End PBXVariantGroup section */

/* Begin XCBuildConfiguration section */
		3A1076CF1A0BA0910036E706 /* Debug */ = {
			isa = XCBuildConfiguration;
			buildSettings = {
				ALWAYS_SEARCH_USER_PATHS = NO;
				CLANG_CXX_LANGUAGE_STANDARD = "gnu++0x";
				CLANG_CXX_LIBRARY = "libc++";
				CLANG_ENABLE_MODULES = YES;
				CLANG_ENABLE_OBJC_ARC = YES;
				CLANG_WARN_BOOL_CONVERSION = YES;
				CLANG_WARN_CONSTANT_CONVERSION = YES;
				CLANG_WARN_DIRECT_OBJC_ISA_USAGE = YES_ERROR;
				CLANG_WARN_EMPTY_BODY = YES;
				CLANG_WARN_ENUM_CONVERSION = YES;
				CLANG_WARN_INT_CONVERSION = YES;
				CLANG_WARN_OBJC_ROOT_CLASS = YES_ERROR;
				CLANG_WARN_UNREACHABLE_CODE = YES;
				CLANG_WARN__DUPLICATE_METHOD_MATCH = YES;
				"CODE_SIGN_IDENTITY[sdk=iphoneos*]" = "iPhone Developer";
				COPY_PHASE_STRIP = NO;
				ENABLE_STRICT_OBJC_MSGSEND = YES;
				GCC_C_LANGUAGE_STANDARD = gnu99;
				GCC_DYNAMIC_NO_PIC = NO;
				GCC_OPTIMIZATION_LEVEL = 0;
				GCC_PREPROCESSOR_DEFINITIONS = (
					"DEBUG=1",
					"$(inherited)",
				);
				GCC_SYMBOLS_PRIVATE_EXTERN = NO;
				GCC_WARN_64_TO_32_BIT_CONVERSION = YES;
				GCC_WARN_ABOUT_RETURN_TYPE = YES_ERROR;
				GCC_WARN_UNDECLARED_SELECTOR = YES;
				GCC_WARN_UNINITIALIZED_AUTOS = YES_AGGRESSIVE;
				GCC_WARN_UNUSED_FUNCTION = YES;
				GCC_WARN_UNUSED_VARIABLE = YES;
				IPHONEOS_DEPLOYMENT_TARGET = 8.1;
				MTL_ENABLE_DEBUG_INFO = YES;
				ONLY_ACTIVE_ARCH = YES;
				SDKROOT = iphoneos;
				SWIFT_OPTIMIZATION_LEVEL = "-Onone";
			};
			name = Debug;
		};
		3A1076D01A0BA0910036E706 /* Release */ = {
			isa = XCBuildConfiguration;
			buildSettings = {
				ALWAYS_SEARCH_USER_PATHS = NO;
				CLANG_CXX_LANGUAGE_STANDARD = "gnu++0x";
				CLANG_CXX_LIBRARY = "libc++";
				CLANG_ENABLE_MODULES = YES;
				CLANG_ENABLE_OBJC_ARC = YES;
				CLANG_WARN_BOOL_CONVERSION = YES;
				CLANG_WARN_CONSTANT_CONVERSION = YES;
				CLANG_WARN_DIRECT_OBJC_ISA_USAGE = YES_ERROR;
				CLANG_WARN_EMPTY_BODY = YES;
				CLANG_WARN_ENUM_CONVERSION = YES;
				CLANG_WARN_INT_CONVERSION = YES;
				CLANG_WARN_OBJC_ROOT_CLASS = YES_ERROR;
				CLANG_WARN_UNREACHABLE_CODE = YES;
				CLANG_WARN__DUPLICATE_METHOD_MATCH = YES;
				"CODE_SIGN_IDENTITY[sdk=iphoneos*]" = "iPhone Developer";
				COPY_PHASE_STRIP = YES;
				ENABLE_NS_ASSERTIONS = NO;
				ENABLE_STRICT_OBJC_MSGSEND = YES;
				GCC_C_LANGUAGE_STANDARD = gnu99;
				GCC_WARN_64_TO_32_BIT_CONVERSION = YES;
				GCC_WARN_ABOUT_RETURN_TYPE = YES_ERROR;
				GCC_WARN_UNDECLARED_SELECTOR = YES;
				GCC_WARN_UNINITIALIZED_AUTOS = YES_AGGRESSIVE;
				GCC_WARN_UNUSED_FUNCTION = YES;
				GCC_WARN_UNUSED_VARIABLE = YES;
				IPHONEOS_DEPLOYMENT_TARGET = 8.1;
				MTL_ENABLE_DEBUG_INFO = NO;
				SDKROOT = iphoneos;
				VALIDATE_PRODUCT = YES;
			};
			name = Release;
		};
		3A1076D21A0BA0910036E706 /* Debug */ = {
			isa = XCBuildConfiguration;
			buildSettings = {
				ASSETCATALOG_COMPILER_APPICON_NAME = AppIcon;
				CODE_SIGN_ENTITLEMENTS = "healthkit-poc/healthkit-poc.entitlements";
				CODE_SIGN_IDENTITY = "iPhone Developer";
				"CODE_SIGN_IDENTITY[sdk=iphoneos*]" = "iPhone Developer";
				INFOPLIST_FILE = "healthkit-poc/Info.plist";
				LD_RUNPATH_SEARCH_PATHS = "$(inherited) @executable_path/Frameworks";
				PRODUCT_NAME = "$(TARGET_NAME)";
				PROVISIONING_PROFILE = "";
			};
			name = Debug;
		};
		3A1076D31A0BA0910036E706 /* Release */ = {
			isa = XCBuildConfiguration;
			buildSettings = {
				ASSETCATALOG_COMPILER_APPICON_NAME = AppIcon;
				CODE_SIGN_ENTITLEMENTS = "healthkit-poc/healthkit-poc.entitlements";
				CODE_SIGN_IDENTITY = "iPhone Developer";
				"CODE_SIGN_IDENTITY[sdk=iphoneos*]" = "iPhone Developer";
				INFOPLIST_FILE = "healthkit-poc/Info.plist";
				LD_RUNPATH_SEARCH_PATHS = "$(inherited) @executable_path/Frameworks";
				PRODUCT_NAME = "$(TARGET_NAME)";
				PROVISIONING_PROFILE = "";
			};
			name = Release;
		};
		3A1076D51A0BA0910036E706 /* Debug */ = {
			isa = XCBuildConfiguration;
			buildSettings = {
				BUNDLE_LOADER = "$(TEST_HOST)";
				FRAMEWORK_SEARCH_PATHS = (
					"$(SDKROOT)/Developer/Library/Frameworks",
					"$(inherited)",
				);
				GCC_PREPROCESSOR_DEFINITIONS = (
					"DEBUG=1",
					"$(inherited)",
				);
				INFOPLIST_FILE = "healthkit-pocTests/Info.plist";
				LD_RUNPATH_SEARCH_PATHS = "$(inherited) @executable_path/Frameworks @loader_path/Frameworks";
				PRODUCT_NAME = "$(TARGET_NAME)";
				TEST_HOST = "$(BUILT_PRODUCTS_DIR)/healthkit-poc.app/healthkit-poc";
			};
			name = Debug;
		};
		3A1076D61A0BA0910036E706 /* Release */ = {
			isa = XCBuildConfiguration;
			buildSettings = {
				BUNDLE_LOADER = "$(TEST_HOST)";
				FRAMEWORK_SEARCH_PATHS = (
					"$(SDKROOT)/Developer/Library/Frameworks",
					"$(inherited)",
				);
				INFOPLIST_FILE = "healthkit-pocTests/Info.plist";
				LD_RUNPATH_SEARCH_PATHS = "$(inherited) @executable_path/Frameworks @loader_path/Frameworks";
				PRODUCT_NAME = "$(TARGET_NAME)";
				TEST_HOST = "$(BUILT_PRODUCTS_DIR)/healthkit-poc.app/healthkit-poc";
			};
			name = Release;
		};
/* End XCBuildConfiguration section */

/* Begin XCConfigurationList section */
		3A1076AD1A0BA0910036E706 /* Build configuration list for PBXProject "healthkit-poc" */ = {
			isa = XCConfigurationList;
			buildConfigurations = (
				3A1076CF1A0BA0910036E706 /* Debug */,
				3A1076D01A0BA0910036E706 /* Release */,
			);
			defaultConfigurationIsVisible = 0;
			defaultConfigurationName = Release;
		};
		3A1076D11A0BA0910036E706 /* Build configuration list for PBXNativeTarget "healthkit-poc" */ = {
			isa = XCConfigurationList;
			buildConfigurations = (
				3A1076D21A0BA0910036E706 /* Debug */,
				3A1076D31A0BA0910036E706 /* Release */,
			);
			defaultConfigurationIsVisible = 0;
			defaultConfigurationName = Release;
		};
		3A1076D41A0BA0910036E706 /* Build configuration list for PBXNativeTarget "healthkit-pocTests" */ = {
			isa = XCConfigurationList;
			buildConfigurations = (
				3A1076D51A0BA0910036E706 /* Debug */,
				3A1076D61A0BA0910036E706 /* Release */,
			);
			defaultConfigurationIsVisible = 0;
			defaultConfigurationName = Release;
		};
/* End XCConfigurationList section */
	};
	rootObject = 3A1076AA1A0BA0910036E706 /* Project object */;
}
